
Microsoft Visual Studio Solution File, Format Version 12.00
# Visual Studio Version 17
VisualStudioVersion = 17.2.32616.157
MinimumVisualStudioVersion = 10.0.40219.1
Project("{FAE04EC0-301F-11D3-BF4B-00C04F79EFBC}") = "ConsoleApp1", "ConsoleApp1\ConsoleApp1.csproj", "{257B0113-BDEA-4A29-B858-654CC03678C9}"
EndProject
Global
	GlobalSection(SolutionConfigurationPlatforms) = preSolution
		Debug|Any CPU = Debug|Any CPU
		Release|Any CPU = Release|Any CPU
	EndGlobalSection
	GlobalSection(ProjectConfigurationPlatforms) = postSolution
		{257B0113-BDEA-4A29-B858-654CC03678C9}.Debug|Any CPU.ActiveCfg = Debug|Any CPU
		{257B0113-BDEA-4A29-B858-654CC03678C9}.Debug|Any CPU.Build.0 = Debug|Any CPU
		{257B0113-BDEA-4A29-B858-654CC03678C9}.Release|Any CPU.ActiveCfg = Release|Any CPU
		{257B0113-BDEA-4A29-B858-654CC03678C9}.Release|Any CPU.Build.0 = Release|Any CPU
	EndGlobalSection
	GlobalSection(SolutionProperties) = preSolution
		HideSolutionNode = FALSE
	EndGlobalSection
	GlobalSection(ExtensibilityGlobals) = postSolution
		SolutionGuid = {CE64D6CA-F2E9-4796-A91B-94DF07522455}
	EndGlobalSection
EndGlobal
